// !$*UTF8*$!
{
	archiveVersion = 1;
	classes = {
	};
	objectVersion = 56;
	objects = {

/* Begin PBXBuildFile section */
		343D084D2878B839004A07EA /* TwitterFeedScreen.swift in Sources */ = {isa = PBXBuildFile; fileRef = 343D084C2878B839004A07EA /* TwitterFeedScreen.swift */; };
		3454F2A92872363D00ECCD6F /* NavigationBarContainerScreen.swift in Sources */ = {isa = PBXBuildFile; fileRef = 3454F2A82872363D00ECCD6F /* NavigationBarContainerScreen.swift */; };
		3454F2C528724D8200ECCD6F /* GoogleService-Info.plist in Resources */ = {isa = PBXBuildFile; fileRef = 3454F2C428724D8200ECCD6F /* GoogleService-Info.plist */; };
		3454F2C828724E9A00ECCD6F /* FirebaseAuth in Frameworks */ = {isa = PBXBuildFile; productRef = 3454F2C728724E9A00ECCD6F /* FirebaseAuth */; };
		3454F2CA28724E9A00ECCD6F /* FirebaseFirestore in Frameworks */ = {isa = PBXBuildFile; productRef = 3454F2C928724E9A00ECCD6F /* FirebaseFirestore */; };
		3454F2CC28724E9A00ECCD6F /* FirebaseFirestoreSwift in Frameworks */ = {isa = PBXBuildFile; productRef = 3454F2CB28724E9A00ECCD6F /* FirebaseFirestoreSwift */; };
		3454F2CE28724E9A00ECCD6F /* FirebaseStorage in Frameworks */ = {isa = PBXBuildFile; productRef = 3454F2CD28724E9A00ECCD6F /* FirebaseStorage */; };
		3454F2D1287251F000ECCD6F /* RegistrationViewModel.swift in Sources */ = {isa = PBXBuildFile; fileRef = 3454F2D0287251F000ECCD6F /* RegistrationViewModel.swift */; };
		8D226D0A28720A4E0067D994 /* TwitterAppApp.swift in Sources */ = {isa = PBXBuildFile; fileRef = 8D226D0928720A4E0067D994 /* TwitterAppApp.swift */; };
		8D226D0C28720A4E0067D994 /* ContentView.swift in Sources */ = {isa = PBXBuildFile; fileRef = 8D226D0B28720A4E0067D994 /* ContentView.swift */; };
		8D226D0E28720A4F0067D994 /* Assets.xcassets in Resources */ = {isa = PBXBuildFile; fileRef = 8D226D0D28720A4F0067D994 /* Assets.xcassets */; };
		8D226D1128720A4F0067D994 /* Preview Assets.xcassets in Resources */ = {isa = PBXBuildFile; fileRef = 8D226D1028720A4F0067D994 /* Preview Assets.xcassets */; };
		8D226D1928720AE70067D994 /* LandingScreen.swift in Sources */ = {isa = PBXBuildFile; fileRef = 8D226D1828720AE70067D994 /* LandingScreen.swift */; };
		8D226D1B28720EDC0067D994 /* RegistrationScreen.swift in Sources */ = {isa = PBXBuildFile; fileRef = 8D226D1A28720EDC0067D994 /* RegistrationScreen.swift */; };
		8D226D1E287210010067D994 /* Constants.swift in Sources */ = {isa = PBXBuildFile; fileRef = 8D226D1D287210010067D994 /* Constants.swift */; };
		8D226D212872114B0067D994 /* View+Extensions.swift in Sources */ = {isa = PBXBuildFile; fileRef = 8D226D202872114B0067D994 /* View+Extensions.swift */; };
		8D4273BB287757E600ECA9D5 /* TweetCountGauge.swift in Sources */ = {isa = PBXBuildFile; fileRef = 8D4273BA287757E600ECA9D5 /* TweetCountGauge.swift */; };
		8D4273BD2878857500ECA9D5 /* ComposeTweetViewModel.swift in Sources */ = {isa = PBXBuildFile; fileRef = 8D4273BC2878857500ECA9D5 /* ComposeTweetViewModel.swift */; };
		8D4273BF2878859A00ECA9D5 /* Tweet.swift in Sources */ = {isa = PBXBuildFile; fileRef = 8D4273BE2878859A00ECA9D5 /* Tweet.swift */; };
		8DC22ADE28732C5F003D8C42 /* LoginScreen.swift in Sources */ = {isa = PBXBuildFile; fileRef = 8DC22ADD28732C5F003D8C42 /* LoginScreen.swift */; };
		8DC22AE02873350F003D8C42 /* String+Extensions.swift in Sources */ = {isa = PBXBuildFile; fileRef = 8DC22ADF2873350F003D8C42 /* String+Extensions.swift */; };
		8DC22AE328734849003D8C42 /* FBError.swift in Sources */ = {isa = PBXBuildFile; fileRef = 8DC22AE228734849003D8C42 /* FBError.swift */; };
		8DC22AE528734876003D8C42 /* LoginViewModel.swift in Sources */ = {isa = PBXBuildFile; fileRef = 8DC22AE428734876003D8C42 /* LoginViewModel.swift */; };
		8DC22AE828734AAD003D8C42 /* UserDefault.swift in Sources */ = {isa = PBXBuildFile; fileRef = 8DC22AE728734AAD003D8C42 /* UserDefault.swift */; };
		8DC22AEA28734D25003D8C42 /* UserDefaults+Extensions.swift in Sources */ = {isa = PBXBuildFile; fileRef = 8DC22AE928734D25003D8C42 /* UserDefaults+Extensions.swift */; };
		8DC22AEC28734E8A003D8C42 /* HomeScreen.swift in Sources */ = {isa = PBXBuildFile; fileRef = 8DC22AEB28734E8A003D8C42 /* HomeScreen.swift */; };
		8DC22AEE2873AA67003D8C42 /* ComposeTweetScreen.swift in Sources */ = {isa = PBXBuildFile; fileRef = 8DC22AED2873AA67003D8C42 /* ComposeTweetScreen.swift */; };
/* End PBXBuildFile section */

/* Begin PBXFileReference section */
		343D084C2878B839004A07EA /* TwitterFeedScreen.swift */ = {isa = PBXFileReference; lastKnownFileType = sourcecode.swift; path = TwitterFeedScreen.swift; sourceTree = "<group>"; };
		3454F2A82872363D00ECCD6F /* NavigationBarContainerScreen.swift */ = {isa = PBXFileReference; lastKnownFileType = sourcecode.swift; path = NavigationBarContainerScreen.swift; sourceTree = "<group>"; };
		3454F2C428724D8200ECCD6F /* GoogleService-Info.plist */ = {isa = PBXFileReference; fileEncoding = 4; lastKnownFileType = text.plist.xml; path = "GoogleService-Info.plist"; sourceTree = "<group>"; };
		3454F2D0287251F000ECCD6F /* RegistrationViewModel.swift */ = {isa = PBXFileReference; lastKnownFileType = sourcecode.swift; path = RegistrationViewModel.swift; sourceTree = "<group>"; };
		8D226D0628720A4E0067D994 /* TwitterApp.app */ = {isa = PBXFileReference; explicitFileType = wrapper.application; includeInIndex = 0; path = TwitterApp.app; sourceTree = BUILT_PRODUCTS_DIR; };
		8D226D0928720A4E0067D994 /* TwitterAppApp.swift */ = {isa = PBXFileReference; lastKnownFileType = sourcecode.swift; path = TwitterAppApp.swift; sourceTree = "<group>"; };
		8D226D0B28720A4E0067D994 /* ContentView.swift */ = {isa = PBXFileReference; lastKnownFileType = sourcecode.swift; path = ContentView.swift; sourceTree = "<group>"; };
		8D226D0D28720A4F0067D994 /* Assets.xcassets */ = {isa = PBXFileReference; lastKnownFileType = folder.assetcatalog; path = Assets.xcassets; sourceTree = "<group>"; };
		8D226D1028720A4F0067D994 /* Preview Assets.xcassets */ = {isa = PBXFileReference; lastKnownFileType = folder.assetcatalog; path = "Preview Assets.xcassets"; sourceTree = "<group>"; };
		8D226D1828720AE70067D994 /* LandingScreen.swift */ = {isa = PBXFileReference; lastKnownFileType = sourcecode.swift; path = LandingScreen.swift; sourceTree = "<group>"; };
		8D226D1A28720EDC0067D994 /* RegistrationScreen.swift */ = {isa = PBXFileReference; lastKnownFileType = sourcecode.swift; path = RegistrationScreen.swift; sourceTree = "<group>"; };
		8D226D1D287210010067D994 /* Constants.swift */ = {isa = PBXFileReference; lastKnownFileType = sourcecode.swift; path = Constants.swift; sourceTree = "<group>"; };
		8D226D202872114B0067D994 /* View+Extensions.swift */ = {isa = PBXFileReference; lastKnownFileType = sourcecode.swift; path = "View+Extensions.swift"; sourceTree = "<group>"; };
		8D4273BA287757E600ECA9D5 /* TweetCountGauge.swift */ = {isa = PBXFileReference; lastKnownFileType = sourcecode.swift; path = TweetCountGauge.swift; sourceTree = "<group>"; };
		8D4273BC2878857500ECA9D5 /* ComposeTweetViewModel.swift */ = {isa = PBXFileReference; lastKnownFileType = sourcecode.swift; path = ComposeTweetViewModel.swift; sourceTree = "<group>"; };
		8D4273BE2878859A00ECA9D5 /* Tweet.swift */ = {isa = PBXFileReference; lastKnownFileType = sourcecode.swift; path = Tweet.swift; sourceTree = "<group>"; };
		8DC22ADD28732C5F003D8C42 /* LoginScreen.swift */ = {isa = PBXFileReference; lastKnownFileType = sourcecode.swift; path = LoginScreen.swift; sourceTree = "<group>"; };
		8DC22ADF2873350F003D8C42 /* String+Extensions.swift */ = {isa = PBXFileReference; lastKnownFileType = sourcecode.swift; path = "String+Extensions.swift"; sourceTree = "<group>"; };
		8DC22AE228734849003D8C42 /* FBError.swift */ = {isa = PBXFileReference; lastKnownFileType = sourcecode.swift; path = FBError.swift; sourceTree = "<group>"; };
		8DC22AE428734876003D8C42 /* LoginViewModel.swift */ = {isa = PBXFileReference; lastKnownFileType = sourcecode.swift; path = LoginViewModel.swift; sourceTree = "<group>"; };
		8DC22AE728734AAD003D8C42 /* UserDefault.swift */ = {isa = PBXFileReference; lastKnownFileType = sourcecode.swift; path = UserDefault.swift; sourceTree = "<group>"; };
		8DC22AE928734D25003D8C42 /* UserDefaults+Extensions.swift */ = {isa = PBXFileReference; lastKnownFileType = sourcecode.swift; path = "UserDefaults+Extensions.swift"; sourceTree = "<group>"; };
		8DC22AEB28734E8A003D8C42 /* HomeScreen.swift */ = {isa = PBXFileReference; lastKnownFileType = sourcecode.swift; path = HomeScreen.swift; sourceTree = "<group>"; };
		8DC22AED2873AA67003D8C42 /* ComposeTweetScreen.swift */ = {isa = PBXFileReference; lastKnownFileType = sourcecode.swift; path = ComposeTweetScreen.swift; sourceTree = "<group>"; };
/* End PBXFileReference section */

/* Begin PBXFrameworksBuildPhase section */
		8D226D0328720A4E0067D994 /* Frameworks */ = {
			isa = PBXFrameworksBuildPhase;
			buildActionMask = 2147483647;
			files = (
				3454F2C828724E9A00ECCD6F /* FirebaseAuth in Frameworks */,
				3454F2CE28724E9A00ECCD6F /* FirebaseStorage in Frameworks */,
				3454F2CA28724E9A00ECCD6F /* FirebaseFirestore in Frameworks */,
				3454F2CC28724E9A00ECCD6F /* FirebaseFirestoreSwift in Frameworks */,
			);
			runOnlyForDeploymentPostprocessing = 0;
		};
/* End PBXFrameworksBuildPhase section */

/* Begin PBXGroup section */
		3454F2CF287251CE00ECCD6F /* View Models */ = {
			isa = PBXGroup;
			children = (
				3454F2D0287251F000ECCD6F /* RegistrationViewModel.swift */,
				8DC22AE428734876003D8C42 /* LoginViewModel.swift */,
				8D4273BC2878857500ECA9D5 /* ComposeTweetViewModel.swift */,
			);
			path = "View Models";
			sourceTree = "<group>";
		};
		34B2C19B2873C7F900C45145 /* Views */ = {
			isa = PBXGroup;
			children = (
				8D4273BA287757E600ECA9D5 /* TweetCountGauge.swift */,
			);
			path = Views;
			sourceTree = "<group>";
		};
		8D226CFD28720A4E0067D994 = {
			isa = PBXGroup;
			children = (
				8D226D0828720A4E0067D994 /* TwitterApp */,
				8D226D0728720A4E0067D994 /* Products */,
			);
			sourceTree = "<group>";
		};
		8D226D0728720A4E0067D994 /* Products */ = {
			isa = PBXGroup;
			children = (
				8D226D0628720A4E0067D994 /* TwitterApp.app */,
			);
			name = Products;
			sourceTree = "<group>";
		};
		8D226D0828720A4E0067D994 /* TwitterApp */ = {
			isa = PBXGroup;
			children = (
				8DC22AEF2873F1A7003D8C42 /* Models */,
				34B2C19B2873C7F900C45145 /* Views */,
				8DC22AE628734A99003D8C42 /* Property Wrappers */,
				8DC22AE128734839003D8C42 /* Errors */,
				3454F2CF287251CE00ECCD6F /* View Models */,
				3454F2C428724D8200ECCD6F /* GoogleService-Info.plist */,
				8D226D1F2872113B0067D994 /* Extensions */,
				8D226D1C28720FF60067D994 /* Utils */,
				8D226D1728720AD90067D994 /* Screens */,
				8D226D0928720A4E0067D994 /* TwitterAppApp.swift */,
				8D226D0B28720A4E0067D994 /* ContentView.swift */,
				8D226D0D28720A4F0067D994 /* Assets.xcassets */,
				8D226D0F28720A4F0067D994 /* Preview Content */,
			);
			path = TwitterApp;
			sourceTree = "<group>";
		};
		8D226D0F28720A4F0067D994 /* Preview Content */ = {
			isa = PBXGroup;
			children = (
				8D226D1028720A4F0067D994 /* Preview Assets.xcassets */,
			);
			path = "Preview Content";
			sourceTree = "<group>";
		};
		8D226D1728720AD90067D994 /* Screens */ = {
			isa = PBXGroup;
			children = (
				8D226D1828720AE70067D994 /* LandingScreen.swift */,
				8D226D1A28720EDC0067D994 /* RegistrationScreen.swift */,
				3454F2A82872363D00ECCD6F /* NavigationBarContainerScreen.swift */,
				8DC22ADD28732C5F003D8C42 /* LoginScreen.swift */,
				8DC22AEB28734E8A003D8C42 /* HomeScreen.swift */,
				8DC22AED2873AA67003D8C42 /* ComposeTweetScreen.swift */,
				343D084C2878B839004A07EA /* TwitterFeedScreen.swift */,
			);
			path = Screens;
			sourceTree = "<group>";
		};
		8D226D1C28720FF60067D994 /* Utils */ = {
			isa = PBXGroup;
			children = (
				8D226D1D287210010067D994 /* Constants.swift */,
			);
			path = Utils;
			sourceTree = "<group>";
		};
		8D226D1F2872113B0067D994 /* Extensions */ = {
			isa = PBXGroup;
			children = (
				8D226D202872114B0067D994 /* View+Extensions.swift */,
				8DC22ADF2873350F003D8C42 /* String+Extensions.swift */,
				8DC22AE928734D25003D8C42 /* UserDefaults+Extensions.swift */,
			);
			path = Extensions;
			sourceTree = "<group>";
		};
		8DC22AE128734839003D8C42 /* Errors */ = {
			isa = PBXGroup;
			children = (
				8DC22AE228734849003D8C42 /* FBError.swift */,
			);
			path = Errors;
			sourceTree = "<group>";
		};
		8DC22AE628734A99003D8C42 /* Property Wrappers */ = {
			isa = PBXGroup;
			children = (
				8DC22AE728734AAD003D8C42 /* UserDefault.swift */,
			);
			path = "Property Wrappers";
			sourceTree = "<group>";
		};
		8DC22AEF2873F1A7003D8C42 /* Models */ = {
			isa = PBXGroup;
			children = (
				8D4273BE2878859A00ECA9D5 /* Tweet.swift */,
			);
			path = Models;
			sourceTree = "<group>";
		};
/* End PBXGroup section */

/* Begin PBXNativeTarget section */
		8D226D0528720A4E0067D994 /* TwitterApp */ = {
			isa = PBXNativeTarget;
			buildConfigurationList = 8D226D1428720A4F0067D994 /* Build configuration list for PBXNativeTarget "TwitterApp" */;
			buildPhases = (
				8D226D0228720A4E0067D994 /* Sources */,
				8D226D0328720A4E0067D994 /* Frameworks */,
				8D226D0428720A4E0067D994 /* Resources */,
			);
			buildRules = (
			);
			dependencies = (
			);
			name = TwitterApp;
			packageProductDependencies = (
				3454F2C728724E9A00ECCD6F /* FirebaseAuth */,
				3454F2C928724E9A00ECCD6F /* FirebaseFirestore */,
				3454F2CB28724E9A00ECCD6F /* FirebaseFirestoreSwift */,
				3454F2CD28724E9A00ECCD6F /* FirebaseStorage */,
			);
			productName = TwitterApp;
			productReference = 8D226D0628720A4E0067D994 /* TwitterApp.app */;
			productType = "com.apple.product-type.application";
		};
/* End PBXNativeTarget section */

/* Begin PBXProject section */
		8D226CFE28720A4E0067D994 /* Project object */ = {
			isa = PBXProject;
			attributes = {
				BuildIndependentTargetsInParallel = 1;
				LastSwiftUpdateCheck = 1400;
				LastUpgradeCheck = 1400;
				TargetAttributes = {
					8D226D0528720A4E0067D994 = {
						CreatedOnToolsVersion = 14.0;
					};
				};
			};
			buildConfigurationList = 8D226D0128720A4E0067D994 /* Build configuration list for PBXProject "TwitterApp" */;
			compatibilityVersion = "Xcode 14.0";
			developmentRegion = en;
			hasScannedForEncodings = 0;
			knownRegions = (
				en,
				Base,
			);
			mainGroup = 8D226CFD28720A4E0067D994;
			packageReferences = (
				3454F2C628724E9A00ECCD6F /* XCRemoteSwiftPackageReference "firebase-ios-sdk" */,
			);
			productRefGroup = 8D226D0728720A4E0067D994 /* Products */;
			projectDirPath = "";
			projectRoot = "";
			targets = (
				8D226D0528720A4E0067D994 /* TwitterApp */,
			);
		};
/* End PBXProject section */

/* Begin PBXResourcesBuildPhase section */
		8D226D0428720A4E0067D994 /* Resources */ = {
			isa = PBXResourcesBuildPhase;
			buildActionMask = 2147483647;
			files = (
				8D226D1128720A4F0067D994 /* Preview Assets.xcassets in Resources */,
				8D226D0E28720A4F0067D994 /* Assets.xcassets in Resources */,
				3454F2C528724D8200ECCD6F /* GoogleService-Info.plist in Resources */,
			);
			runOnlyForDeploymentPostprocessing = 0;
		};
/* End PBXResourcesBuildPhase section */

/* Begin PBXSourcesBuildPhase section */
		8D226D0228720A4E0067D994 /* Sources */ = {
			isa = PBXSourcesBuildPhase;
			buildActionMask = 2147483647;
			files = (
				8DC22AE02873350F003D8C42 /* String+Extensions.swift in Sources */,
				3454F2A92872363D00ECCD6F /* NavigationBarContainerScreen.swift in Sources */,
				8DC22AEE2873AA67003D8C42 /* ComposeTweetScreen.swift in Sources */,
				8DC22AE828734AAD003D8C42 /* UserDefault.swift in Sources */,
				8D226D1E287210010067D994 /* Constants.swift in Sources */,
				8D4273BD2878857500ECA9D5 /* ComposeTweetViewModel.swift in Sources */,
				8D4273BB287757E600ECA9D5 /* TweetCountGauge.swift in Sources */,
				8DC22AEC28734E8A003D8C42 /* HomeScreen.swift in Sources */,
				8DC22AEA28734D25003D8C42 /* UserDefaults+Extensions.swift in Sources */,
				8DC22ADE28732C5F003D8C42 /* LoginScreen.swift in Sources */,
				8D226D0C28720A4E0067D994 /* ContentView.swift in Sources */,
				8D226D1928720AE70067D994 /* LandingScreen.swift in Sources */,
				8D226D1B28720EDC0067D994 /* RegistrationScreen.swift in Sources */,
				3454F2D1287251F000ECCD6F /* RegistrationViewModel.swift in Sources */,
				8DC22AE528734876003D8C42 /* LoginViewModel.swift in Sources */,
				8D226D212872114B0067D994 /* View+Extensions.swift in Sources */,
				8D226D0A28720A4E0067D994 /* TwitterAppApp.swift in Sources */,
				343D084D2878B839004A07EA /* TwitterFeedScreen.swift in Sources */,
				8D4273BF2878859A00ECA9D5 /* Tweet.swift in Sources */,
				8DC22AE328734849003D8C42 /* FBError.swift in Sources */,
			);
			runOnlyForDeploymentPostprocessing = 0;
		};
/* End PBXSourcesBuildPhase section */

/* Begin XCBuildConfiguration section */
		8D226D1228720A4F0067D994 /* Debug */ = {
			isa = XCBuildConfiguration;
			buildSettings = {
				ALWAYS_SEARCH_USER_PATHS = NO;
				CLANG_ANALYZER_NONNULL = YES;
				CLANG_ANALYZER_NUMBER_OBJECT_CONVERSION = YES_AGGRESSIVE;
				CLANG_CXX_LANGUAGE_STANDARD = "gnu++17";
				CLANG_ENABLE_MODULES = YES;
				CLANG_ENABLE_OBJC_ARC = YES;
				CLANG_ENABLE_OBJC_WEAK = YES;
				CLANG_WARN_BLOCK_CAPTURE_AUTORELEASING = YES;
				CLANG_WARN_BOOL_CONVERSION = YES;
				CLANG_WARN_COMMA = YES;
				CLANG_WARN_CONSTANT_CONVERSION = YES;
				CLANG_WARN_DEPRECATED_OBJC_IMPLEMENTATIONS = YES;
				CLANG_WARN_DIRECT_OBJC_ISA_USAGE = YES_ERROR;
				CLANG_WARN_DOCUMENTATION_COMMENTS = YES;
				CLANG_WARN_EMPTY_BODY = YES;
				CLANG_WARN_ENUM_CONVERSION = YES;
				CLANG_WARN_INFINITE_RECURSION = YES;
				CLANG_WARN_INT_CONVERSION = YES;
				CLANG_WARN_NON_LITERAL_NULL_CONVERSION = YES;
				CLANG_WARN_OBJC_IMPLICIT_RETAIN_SELF = YES;
				CLANG_WARN_OBJC_LITERAL_CONVERSION = YES;
				CLANG_WARN_OBJC_ROOT_CLASS = YES_ERROR;
				CLANG_WARN_QUOTED_INCLUDE_IN_FRAMEWORK_HEADER = YES;
				CLANG_WARN_RANGE_LOOP_ANALYSIS = YES;
				CLANG_WARN_STRICT_PROTOTYPES = YES;
				CLANG_WARN_SUSPICIOUS_MOVE = YES;
				CLANG_WARN_UNGUARDED_AVAILABILITY = YES_AGGRESSIVE;
				CLANG_WARN_UNREACHABLE_CODE = YES;
				CLANG_WARN__DUPLICATE_METHOD_MATCH = YES;
				COPY_PHASE_STRIP = NO;
				DEBUG_INFORMATION_FORMAT = dwarf;
				ENABLE_STRICT_OBJC_MSGSEND = YES;
				ENABLE_TESTABILITY = YES;
				GCC_C_LANGUAGE_STANDARD = gnu11;
				GCC_DYNAMIC_NO_PIC = NO;
				GCC_NO_COMMON_BLOCKS = YES;
				GCC_OPTIMIZATION_LEVEL = 0;
				GCC_PREPROCESSOR_DEFINITIONS = (
					"DEBUG=1",
					"$(inherited)",
				);
				GCC_WARN_64_TO_32_BIT_CONVERSION = YES;
				GCC_WARN_ABOUT_RETURN_TYPE = YES_ERROR;
				GCC_WARN_UNDECLARED_SELECTOR = YES;
				GCC_WARN_UNINITIALIZED_AUTOS = YES_AGGRESSIVE;
				GCC_WARN_UNUSED_FUNCTION = YES;
				GCC_WARN_UNUSED_VARIABLE = YES;
				IPHONEOS_DEPLOYMENT_TARGET = 16.0;
				MTL_ENABLE_DEBUG_INFO = INCLUDE_SOURCE;
				MTL_FAST_MATH = YES;
				ONLY_ACTIVE_ARCH = YES;
				SDKROOT = iphoneos;
				SWIFT_ACTIVE_COMPILATION_CONDITIONS = DEBUG;
				SWIFT_OPTIMIZATION_LEVEL = "-Onone";
			};
			name = Debug;
		};
		8D226D1328720A4F0067D994 /* Release */ = {
			isa = XCBuildConfiguration;
			buildSettings = {
				ALWAYS_SEARCH_USER_PATHS = NO;
				CLANG_ANALYZER_NONNULL = YES;
				CLANG_ANALYZER_NUMBER_OBJECT_CONVERSION = YES_AGGRESSIVE;
				CLANG_CXX_LANGUAGE_STANDARD = "gnu++17";
				CLANG_ENABLE_MODULES = YES;
				CLANG_ENABLE_OBJC_ARC = YES;
				CLANG_ENABLE_OBJC_WEAK = YES;
				CLANG_WARN_BLOCK_CAPTURE_AUTORELEASING = YES;
				CLANG_WARN_BOOL_CONVERSION = YES;
				CLANG_WARN_COMMA = YES;
				CLANG_WARN_CONSTANT_CONVERSION = YES;
				CLANG_WARN_DEPRECATED_OBJC_IMPLEMENTATIONS = YES;
				CLANG_WARN_DIRECT_OBJC_ISA_USAGE = YES_ERROR;
				CLANG_WARN_DOCUMENTATION_COMMENTS = YES;
				CLANG_WARN_EMPTY_BODY = YES;
				CLANG_WARN_ENUM_CONVERSION = YES;
				CLANG_WARN_INFINITE_RECURSION = YES;
				CLANG_WARN_INT_CONVERSION = YES;
				CLANG_WARN_NON_LITERAL_NULL_CONVERSION = YES;
				CLANG_WARN_OBJC_IMPLICIT_RETAIN_SELF = YES;
				CLANG_WARN_OBJC_LITERAL_CONVERSION = YES;
				CLANG_WARN_OBJC_ROOT_CLASS = YES_ERROR;
				CLANG_WARN_QUOTED_INCLUDE_IN_FRAMEWORK_HEADER = YES;
				CLANG_WARN_RANGE_LOOP_ANALYSIS = YES;
				CLANG_WARN_STRICT_PROTOTYPES = YES;
				CLANG_WARN_SUSPICIOUS_MOVE = YES;
				CLANG_WARN_UNGUARDED_AVAILABILITY = YES_AGGRESSIVE;
				CLANG_WARN_UNREACHABLE_CODE = YES;
				CLANG_WARN__DUPLICATE_METHOD_MATCH = YES;
				COPY_PHASE_STRIP = NO;
				DEBUG_INFORMATION_FORMAT = "dwarf-with-dsym";
				ENABLE_NS_ASSERTIONS = NO;
				ENABLE_STRICT_OBJC_MSGSEND = YES;
				GCC_C_LANGUAGE_STANDARD = gnu11;
				GCC_NO_COMMON_BLOCKS = YES;
				GCC_WARN_64_TO_32_BIT_CONVERSION = YES;
				GCC_WARN_ABOUT_RETURN_TYPE = YES_ERROR;
				GCC_WARN_UNDECLARED_SELECTOR = YES;
				GCC_WARN_UNINITIALIZED_AUTOS = YES_AGGRESSIVE;
				GCC_WARN_UNUSED_FUNCTION = YES;
				GCC_WARN_UNUSED_VARIABLE = YES;
				IPHONEOS_DEPLOYMENT_TARGET = 16.0;
				MTL_ENABLE_DEBUG_INFO = NO;
				MTL_FAST_MATH = YES;
				SDKROOT = iphoneos;
				SWIFT_COMPILATION_MODE = wholemodule;
				SWIFT_OPTIMIZATION_LEVEL = "-O";
				VALIDATE_PRODUCT = YES;
			};
			name = Release;
		};
		8D226D1528720A4F0067D994 /* Debug */ = {
			isa = XCBuildConfiguration;
			buildSettings = {
				ASSETCATALOG_COMPILER_APPICON_NAME = AppIcon;
				ASSETCATALOG_COMPILER_GLOBAL_ACCENT_COLOR_NAME = AccentColor;
				CODE_SIGN_STYLE = Automatic;
				CURRENT_PROJECT_VERSION = 1;
				DEVELOPMENT_ASSET_PATHS = "\"TwitterApp/Preview Content\"";
				DEVELOPMENT_TEAM = B2Q8EGNCQA;
				ENABLE_PREVIEWS = YES;
				GENERATE_INFOPLIST_FILE = YES;
				INFOPLIST_KEY_UIApplicationSceneManifest_Generation = YES;
				INFOPLIST_KEY_UIApplicationSupportsIndirectInputEvents = YES;
				INFOPLIST_KEY_UILaunchScreen_Generation = YES;
				INFOPLIST_KEY_UISupportedInterfaceOrientations_iPad = "UIInterfaceOrientationPortrait UIInterfaceOrientationPortraitUpsideDown UIInterfaceOrientationLandscapeLeft UIInterfaceOrientationLandscapeRight";
				INFOPLIST_KEY_UISupportedInterfaceOrientations_iPhone = "UIInterfaceOrientationPortrait UIInterfaceOrientationLandscapeLeft UIInterfaceOrientationLandscapeRight";
				LD_RUNPATH_SEARCH_PATHS = (
					"$(inherited)",
					"@executable_path/Frameworks",
				);
				MARKETING_VERSION = 1.0;
				PRODUCT_BUNDLE_IDENTIFIER = com.azamsharp.TwitterApp;
				PRODUCT_NAME = "$(TARGET_NAME)";
				SWIFT_EMIT_LOC_STRINGS = YES;
				SWIFT_VERSION = 5.0;
				TARGETED_DEVICE_FAMILY = "1,2";
			};
			name = Debug;
		};
		8D226D1628720A4F0067D994 /* Release */ = {
			isa = XCBuildConfiguration;
			buildSettings = {
				ASSETCATALOG_COMPILER_APPICON_NAME = AppIcon;
				ASSETCATALOG_COMPILER_GLOBAL_ACCENT_COLOR_NAME = AccentColor;
				CODE_SIGN_STYLE = Automatic;
				CURRENT_PROJECT_VERSION = 1;
				DEVELOPMENT_ASSET_PATHS = "\"TwitterApp/Preview Content\"";
				DEVELOPMENT_TEAM = B2Q8EGNCQA;
				ENABLE_PREVIEWS = YES;
				GENERATE_INFOPLIST_FILE = YES;
				INFOPLIST_KEY_UIApplicationSceneManifest_Generation = YES;
				INFOPLIST_KEY_UIApplicationSupportsIndirectInputEvents = YES;
				INFOPLIST_KEY_UILaunchScreen_Generation = YES;
				INFOPLIST_KEY_UISupportedInterfaceOrientations_iPad = "UIInterfaceOrientationPortrait UIInterfaceOrientationPortraitUpsideDown UIInterfaceOrientationLandscapeLeft UIInterfaceOrientationLandscapeRight";
				INFOPLIST_KEY_UISupportedInterfaceOrientations_iPhone = "UIInterfaceOrientationPortrait UIInterfaceOrientationLandscapeLeft UIInterfaceOrientationLandscapeRight";
				LD_RUNPATH_SEARCH_PATHS = (
					"$(inherited)",
					"@executable_path/Frameworks",
				);
				MARKETING_VERSION = 1.0;
				PRODUCT_BUNDLE_IDENTIFIER = com.azamsharp.TwitterApp;
				PRODUCT_NAME = "$(TARGET_NAME)";
				SWIFT_EMIT_LOC_STRINGS = YES;
				SWIFT_VERSION = 5.0;
				TARGETED_DEVICE_FAMILY = "1,2";
			};
			name = Release;
		};
/* End XCBuildConfiguration section */

/* Begin XCConfigurationList section */
		8D226D0128720A4E0067D994 /* Build configuration list for PBXProject "TwitterApp" */ = {
			isa = XCConfigurationList;
			buildConfigurations = (
				8D226D1228720A4F0067D994 /* Debug */,
				8D226D1328720A4F0067D994 /* Release */,
			);
			defaultConfigurationIsVisible = 0;
			defaultConfigurationName = Release;
		};
		8D226D1428720A4F0067D994 /* Build configuration list for PBXNativeTarget "TwitterApp" */ = {
			isa = XCConfigurationList;
			buildConfigurations = (
				8D226D1528720A4F0067D994 /* Debug */,
				8D226D1628720A4F0067D994 /* Release */,
			);
			defaultConfigurationIsVisible = 0;
			defaultConfigurationName = Release;
		};
/* End XCConfigurationList section */

/* Begin XCRemoteSwiftPackageReference section */
		3454F2C628724E9A00ECCD6F /* XCRemoteSwiftPackageReference "firebase-ios-sdk" */ = {
			isa = XCRemoteSwiftPackageReference;
			repositoryURL = "https://github.com/firebase/firebase-ios-sdk";
			requirement = {
				kind = upToNextMajorVersion;
				minimumVersion = 9.0.0;
			};
		};
/* End XCRemoteSwiftPackageReference section */

/* Begin XCSwiftPackageProductDependency section */
		3454F2C728724E9A00ECCD6F /* FirebaseAuth */ = {
			isa = XCSwiftPackageProductDependency;
			package = 3454F2C628724E9A00ECCD6F /* XCRemoteSwiftPackageReference "firebase-ios-sdk" */;
			productName = FirebaseAuth;
		};
		3454F2C928724E9A00ECCD6F /* FirebaseFirestore */ = {
			isa = XCSwiftPackageProductDependency;
			package = 3454F2C628724E9A00ECCD6F /* XCRemoteSwiftPackageReference "firebase-ios-sdk" */;
			productName = FirebaseFirestore;
		};
		3454F2CB28724E9A00ECCD6F /* FirebaseFirestoreSwift */ = {
			isa = XCSwiftPackageProductDependency;
			package = 3454F2C628724E9A00ECCD6F /* XCRemoteSwiftPackageReference "firebase-ios-sdk" */;
			productName = FirebaseFirestoreSwift;
		};
		3454F2CD28724E9A00ECCD6F /* FirebaseStorage */ = {
			isa = XCSwiftPackageProductDependency;
			package = 3454F2C628724E9A00ECCD6F /* XCRemoteSwiftPackageReference "firebase-ios-sdk" */;
			productName = FirebaseStorage;
		};
/* End XCSwiftPackageProductDependency section */
	};
	rootObject = 8D226CFE28720A4E0067D994 /* Project object */;
}
